// !$*UTF8*$!
{
	archiveVersion = 1;
	classes = {
	};
	objectVersion = 55;
	objects = {

/* Begin PBXBuildFile section */
		661BFFA82DF9CE6800026699 /* IdeasView.swift in Sources */ = {isa = PBXBuildFile; fileRef = 661BFFA72DF9CE6700026699 /* IdeasView.swift */; };
		662D1A682DE731F300E18E92 /* CogsApp.swift in Sources */ = {isa = PBXBuildFile; fileRef = 662D1A672DE731F300E18E92 /* CogsApp.swift */; };
		662D1A6A2DE731F300E18E92 /* ContentView.swift in Sources */ = {isa = PBXBuildFile; fileRef = 662D1A692DE731F300E18E92 /* ContentView.swift */; };
		662D1A6C2DE731F700E18E92 /* Assets.xcassets in Resources */ = {isa = PBXBuildFile; fileRef = 662D1A6B2DE731F700E18E92 /* Assets.xcassets */; };
		662D1A6F2DE731F700E18E92 /* Preview Assets.xcassets in Resources */ = {isa = PBXBuildFile; fileRef = 662D1A6E2DE731F700E18E92 /* Preview Assets.xcassets */; };
		662D1A7D2DE736F300E18E92 /* UserViewModel.swift in Sources */ = {isa = PBXBuildFile; fileRef = 662D1A7C2DE736F200E18E92 /* UserViewModel.swift */; };
		662D1A7F2DE736FD00E18E92 /* UserModel.swift in Sources */ = {isa = PBXBuildFile; fileRef = 662D1A7E2DE736FD00E18E92 /* UserModel.swift */; };
		662D1A842DE73E2100E18E92 /* LoginView.swift in Sources */ = {isa = PBXBuildFile; fileRef = 662D1A832DE73E2100E18E92 /* LoginView.swift */; };
/* End PBXBuildFile section */

/* Begin PBXFileReference section */
		661BFFA72DF9CE6700026699 /* IdeasView.swift */ = {isa = PBXFileReference; lastKnownFileType = sourcecode.swift; path = IdeasView.swift; sourceTree = "<group>"; };
		662D1A642DE731F300E18E92 /* Cogs.app */ = {isa = PBXFileReference; explicitFileType = wrapper.application; includeInIndex = 0; path = Cogs.app; sourceTree = BUILT_PRODUCTS_DIR; };
		662D1A672DE731F300E18E92 /* CogsApp.swift */ = {isa = PBXFileReference; lastKnownFileType = sourcecode.swift; path = CogsApp.swift; sourceTree = "<group>"; };
		662D1A692DE731F300E18E92 /* ContentView.swift */ = {isa = PBXFileReference; lastKnownFileType = sourcecode.swift; path = ContentView.swift; sourceTree = "<group>"; };
		662D1A6B2DE731F700E18E92 /* Assets.xcassets */ = {isa = PBXFileReference; lastKnownFileType = folder.assetcatalog; path = Assets.xcassets; sourceTree = "<group>"; };
		662D1A6E2DE731F700E18E92 /* Preview Assets.xcassets */ = {isa = PBXFileReference; lastKnownFileType = folder.assetcatalog; path = "Preview Assets.xcassets"; sourceTree = "<group>"; };
		662D1A7C2DE736F200E18E92 /* UserViewModel.swift */ = {isa = PBXFileReference; lastKnownFileType = sourcecode.swift; path = UserViewModel.swift; sourceTree = "<group>"; };
		662D1A7E2DE736FD00E18E92 /* UserModel.swift */ = {isa = PBXFileReference; lastKnownFileType = sourcecode.swift; path = UserModel.swift; sourceTree = "<group>"; };
		662D1A832DE73E2100E18E92 /* LoginView.swift */ = {isa = PBXFileReference; lastKnownFileType = sourcecode.swift; path = LoginView.swift; sourceTree = "<group>"; };
/* End PBXFileReference section */

/* Begin PBXFrameworksBuildPhase section */
		662D1A612DE731F300E18E92 /* Frameworks */ = {
			isa = PBXFrameworksBuildPhase;
			buildActionMask = 2147483647;
			files = (
			);
			runOnlyForDeploymentPostprocessing = 0;
		};
/* End PBXFrameworksBuildPhase section */

/* Begin PBXGroup section */
		662D1A5B2DE731F300E18E92 = {
			isa = PBXGroup;
			children = (
				662D1A662DE731F300E18E92 /* Cogs */,
				662D1A652DE731F300E18E92 /* Products */,
			);
			sourceTree = "<group>";
		};
		662D1A652DE731F300E18E92 /* Products */ = {
			isa = PBXGroup;
			children = (
				662D1A642DE731F300E18E92 /* Cogs.app */,
			);
			name = Products;
			sourceTree = "<group>";
		};
		662D1A662DE731F300E18E92 /* Cogs */ = {
			isa = PBXGroup;
			children = (
				662D1A772DE7345300E18E92 /* ViewModels */,
				662D1A762DE7344800E18E92 /* Views */,
				662D1A752DE7343A00E18E92 /* Models */,
				662D1A672DE731F300E18E92 /* CogsApp.swift */,
				662D1A6B2DE731F700E18E92 /* Assets.xcassets */,
				662D1A6D2DE731F700E18E92 /* Preview Content */,
			);
			path = Cogs;
			sourceTree = "<group>";
		};
		662D1A6D2DE731F700E18E92 /* Preview Content */ = {
			isa = PBXGroup;
			children = (
				662D1A6E2DE731F700E18E92 /* Preview Assets.xcassets */,
			);
			path = "Preview Content";
			sourceTree = "<group>";
		};
		662D1A752DE7343A00E18E92 /* Models */ = {
			isa = PBXGroup;
			children = (
				662D1A7E2DE736FD00E18E92 /* UserModel.swift */,
			);
			path = Models;
			sourceTree = "<group>";
		};
		662D1A762DE7344800E18E92 /* Views */ = {
			isa = PBXGroup;
			children = (
				662D1A692DE731F300E18E92 /* ContentView.swift */,
				662D1A832DE73E2100E18E92 /* LoginView.swift */,
				661BFFA72DF9CE6700026699 /* IdeasView.swift */,
			);
			path = Views;
			sourceTree = "<group>";
		};
		662D1A772DE7345300E18E92 /* ViewModels */ = {
			isa = PBXGroup;
			children = (
				662D1A7C2DE736F200E18E92 /* UserViewModel.swift */,
			);
			path = ViewModels;
			sourceTree = "<group>";
		};
/* End PBXGroup section */

/* Begin PBXNativeTarget section */
		662D1A632DE731F300E18E92 /* Cogs */ = {
			isa = PBXNativeTarget;
			buildConfigurationList = 662D1A722DE731F700E18E92 /* Build configuration list for PBXNativeTarget "Cogs" */;
			buildPhases = (
				662D1A602DE731F300E18E92 /* Sources */,
				662D1A612DE731F300E18E92 /* Frameworks */,
				662D1A622DE731F300E18E92 /* Resources */,
			);
			buildRules = (
			);
			dependencies = (
			);
			name = Cogs;
			productName = Cogs;
			productReference = 662D1A642DE731F300E18E92 /* Cogs.app */;
			productType = "com.apple.product-type.application";
		};
/* End PBXNativeTarget section */

/* Begin PBXProject section */
		662D1A5C2DE731F300E18E92 /* Project object */ = {
			isa = PBXProject;
			attributes = {
				BuildIndependentTargetsInParallel = 1;
				LastSwiftUpdateCheck = 1320;
				LastUpgradeCheck = 1320;
				TargetAttributes = {
					662D1A632DE731F300E18E92 = {
						CreatedOnToolsVersion = 13.2;
					};
				};
			};
			buildConfigurationList = 662D1A5F2DE731F300E18E92 /* Build configuration list for PBXProject "Cogs" */;
			compatibilityVersion = "Xcode 13.0";
			developmentRegion = en;
			hasScannedForEncodings = 0;
			knownRegions = (
				en,
				Base,
			);
			mainGroup = 662D1A5B2DE731F300E18E92;
			productRefGroup = 662D1A652DE731F300E18E92 /* Products */;
			projectDirPath = "";
			projectRoot = "";
			targets = (
				662D1A632DE731F300E18E92 /* Cogs */,
			);
		};
/* End PBXProject section */

/* Begin PBXResourcesBuildPhase section */
		662D1A622DE731F300E18E92 /* Resources */ = {
			isa = PBXResourcesBuildPhase;
			buildActionMask = 2147483647;
			files = (
				662D1A6F2DE731F700E18E92 /* Preview Assets.xcassets in Resources */,
				662D1A6C2DE731F700E18E92 /* Assets.xcassets in Resources */,
			);
			runOnlyForDeploymentPostprocessing = 0;
		};
/* End PBXResourcesBuildPhase section */

/* Begin PBXSourcesBuildPhase section */
		662D1A602DE731F300E18E92 /* Sources */ = {
			isa = PBXSourcesBuildPhase;
			buildActionMask = 2147483647;
			files = (
				662D1A6A2DE731F300E18E92 /* ContentView.swift in Sources */,
				662D1A7D2DE736F300E18E92 /* UserViewModel.swift in Sources */,
				662D1A7F2DE736FD00E18E92 /* UserModel.swift in Sources */,
				662D1A842DE73E2100E18E92 /* LoginView.swift in Sources */,
				662D1A682DE731F300E18E92 /* CogsApp.swift in Sources */,
				661BFFA82DF9CE6800026699 /* IdeasView.swift in Sources */,
			);
			runOnlyForDeploymentPostprocessing = 0;
		};
/* End PBXSourcesBuildPhase section */

/* Begin XCBuildConfiguration section */
		662D1A702DE731F700E18E92 /* Debug */ = {
			isa = XCBuildConfiguration;
			buildSettings = {
				ALWAYS_SEARCH_USER_PATHS = NO;
				CLANG_ANALYZER_NONNULL = YES;
				CLANG_ANALYZER_NUMBER_OBJECT_CONVERSION = YES_AGGRESSIVE;
				CLANG_CXX_LANGUAGE_STANDARD = "gnu++17";
				CLANG_CXX_LIBRARY = "libc++";
				CLANG_ENABLE_MODULES = YES;
				CLANG_ENABLE_OBJC_ARC = YES;
				CLANG_ENABLE_OBJC_WEAK = YES;
				CLANG_WARN_BLOCK_CAPTURE_AUTORELEASING = YES;
				CLANG_WARN_BOOL_CONVERSION = YES;
				CLANG_WARN_COMMA = YES;
				CLANG_WARN_CONSTANT_CONVERSION = YES;
				CLANG_WARN_DEPRECATED_OBJC_IMPLEMENTATIONS = YES;
				CLANG_WARN_DIRECT_OBJC_ISA_USAGE = YES_ERROR;
				CLANG_WARN_DOCUMENTATION_COMMENTS = YES;
				CLANG_WARN_EMPTY_BODY = YES;
				CLANG_WARN_ENUM_CONVERSION = YES;
				CLANG_WARN_INFINITE_RECURSION = YES;
				CLANG_WARN_INT_CONVERSION = YES;
				CLANG_WARN_NON_LITERAL_NULL_CONVERSION = YES;
				CLANG_WARN_OBJC_IMPLICIT_RETAIN_SELF = YES;
				CLANG_WARN_OBJC_LITERAL_CONVERSION = YES;
				CLANG_WARN_OBJC_ROOT_CLASS = YES_ERROR;
				CLANG_WARN_QUOTED_INCLUDE_IN_FRAMEWORK_HEADER = YES;
				CLANG_WARN_RANGE_LOOP_ANALYSIS = YES;
				CLANG_WARN_STRICT_PROTOTYPES = YES;
				CLANG_WARN_SUSPICIOUS_MOVE = YES;
				CLANG_WARN_UNGUARDED_AVAILABILITY = YES_AGGRESSIVE;
				CLANG_WARN_UNREACHABLE_CODE = YES;
				CLANG_WARN__DUPLICATE_METHOD_MATCH = YES;
				COPY_PHASE_STRIP = NO;
				DEBUG_INFORMATION_FORMAT = dwarf;
				ENABLE_STRICT_OBJC_MSGSEND = YES;
				ENABLE_TESTABILITY = YES;
				GCC_C_LANGUAGE_STANDARD = gnu11;
				GCC_DYNAMIC_NO_PIC = NO;
				GCC_NO_COMMON_BLOCKS = YES;
				GCC_OPTIMIZATION_LEVEL = 0;
				GCC_PREPROCESSOR_DEFINITIONS = (
					"DEBUG=1",
					"$(inherited)",
				);
				GCC_WARN_64_TO_32_BIT_CONVERSION = YES;
				GCC_WARN_ABOUT_RETURN_TYPE = YES_ERROR;
				GCC_WARN_UNDECLARED_SELECTOR = YES;
				GCC_WARN_UNINITIALIZED_AUTOS = YES_AGGRESSIVE;
				GCC_WARN_UNUSED_FUNCTION = YES;
				GCC_WARN_UNUSED_VARIABLE = YES;
				IPHONEOS_DEPLOYMENT_TARGET = 15.2;
				MTL_ENABLE_DEBUG_INFO = INCLUDE_SOURCE;
				MTL_FAST_MATH = YES;
				ONLY_ACTIVE_ARCH = YES;
				SDKROOT = iphoneos;
				SWIFT_ACTIVE_COMPILATION_CONDITIONS = DEBUG;
				SWIFT_OPTIMIZATION_LEVEL = "-Onone";
			};
			name = Debug;
		};
		662D1A712DE731F700E18E92 /* Release */ = {
			isa = XCBuildConfiguration;
			buildSettings = {
				ALWAYS_SEARCH_USER_PATHS = NO;
				CLANG_ANALYZER_NONNULL = YES;
				CLANG_ANALYZER_NUMBER_OBJECT_CONVERSION = YES_AGGRESSIVE;
				CLANG_CXX_LANGUAGE_STANDARD = "gnu++17";
				CLANG_CXX_LIBRARY = "libc++";
				CLANG_ENABLE_MODULES = YES;
				CLANG_ENABLE_OBJC_ARC = YES;
				CLANG_ENABLE_OBJC_WEAK = YES;
				CLANG_WARN_BLOCK_CAPTURE_AUTORELEASING = YES;
				CLANG_WARN_BOOL_CONVERSION = YES;
				CLANG_WARN_COMMA = YES;
				CLANG_WARN_CONSTANT_CONVERSION = YES;
				CLANG_WARN_DEPRECATED_OBJC_IMPLEMENTATIONS = YES;
				CLANG_WARN_DIRECT_OBJC_ISA_USAGE = YES_ERROR;
				CLANG_WARN_DOCUMENTATION_COMMENTS = YES;
				CLANG_WARN_EMPTY_BODY = YES;
				CLANG_WARN_ENUM_CONVERSION = YES;
				CLANG_WARN_INFINITE_RECURSION = YES;
				CLANG_WARN_INT_CONVERSION = YES;
				CLANG_WARN_NON_LITERAL_NULL_CONVERSION = YES;
				CLANG_WARN_OBJC_IMPLICIT_RETAIN_SELF = YES;
				CLANG_WARN_OBJC_LITERAL_CONVERSION = YES;
				CLANG_WARN_OBJC_ROOT_CLASS = YES_ERROR;
				CLANG_WARN_QUOTED_INCLUDE_IN_FRAMEWORK_HEADER = YES;
				CLANG_WARN_RANGE_LOOP_ANALYSIS = YES;
				CLANG_WARN_STRICT_PROTOTYPES = YES;
				CLANG_WARN_SUSPICIOUS_MOVE = YES;
				CLANG_WARN_UNGUARDED_AVAILABILITY = YES_AGGRESSIVE;
				CLANG_WARN_UNREACHABLE_CODE = YES;
				CLANG_WARN__DUPLICATE_METHOD_MATCH = YES;
				COPY_PHASE_STRIP = NO;
				DEBUG_INFORMATION_FORMAT = "dwarf-with-dsym";
				ENABLE_NS_ASSERTIONS = NO;
				ENABLE_STRICT_OBJC_MSGSEND = YES;
				GCC_C_LANGUAGE_STANDARD = gnu11;
				GCC_NO_COMMON_BLOCKS = YES;
				GCC_WARN_64_TO_32_BIT_CONVERSION = YES;
				GCC_WARN_ABOUT_RETURN_TYPE = YES_ERROR;
				GCC_WARN_UNDECLARED_SELECTOR = YES;
				GCC_WARN_UNINITIALIZED_AUTOS = YES_AGGRESSIVE;
				GCC_WARN_UNUSED_FUNCTION = YES;
				GCC_WARN_UNUSED_VARIABLE = YES;
				IPHONEOS_DEPLOYMENT_TARGET = 15.2;
				MTL_ENABLE_DEBUG_INFO = NO;
				MTL_FAST_MATH = YES;
				SDKROOT = iphoneos;
				SWIFT_COMPILATION_MODE = wholemodule;
				SWIFT_OPTIMIZATION_LEVEL = "-O";
				VALIDATE_PRODUCT = YES;
			};
			name = Release;
		};
		662D1A732DE731F700E18E92 /* Debug */ = {
			isa = XCBuildConfiguration;
			buildSettings = {
				ASSETCATALOG_COMPILER_APPICON_NAME = AppIcon;
				ASSETCATALOG_COMPILER_GLOBAL_ACCENT_COLOR_NAME = AccentColor;
				CODE_SIGN_STYLE = Automatic;
				CURRENT_PROJECT_VERSION = 1;
				DEVELOPMENT_ASSET_PATHS = "\"Cogs/Preview Content\"";
				DEVELOPMENT_TEAM = 6G373HJQ2H;
				ENABLE_PREVIEWS = YES;
				GENERATE_INFOPLIST_FILE = YES;
				INFOPLIST_KEY_UIApplicationSceneManifest_Generation = YES;
				INFOPLIST_KEY_UIApplicationSupportsIndirectInputEvents = YES;
				INFOPLIST_KEY_UILaunchScreen_Generation = YES;
				INFOPLIST_KEY_UISupportedInterfaceOrientations_iPad = "UIInterfaceOrientationPortrait UIInterfaceOrientationPortraitUpsideDown UIInterfaceOrientationLandscapeLeft UIInterfaceOrientationLandscapeRight";
				INFOPLIST_KEY_UISupportedInterfaceOrientations_iPhone = "UIInterfaceOrientationPortrait UIInterfaceOrientationLandscapeLeft UIInterfaceOrientationLandscapeRight";
				LD_RUNPATH_SEARCH_PATHS = (
					"$(inherited)",
					"@executable_path/Frameworks",
				);
				MARKETING_VERSION = 1.0;
				PRODUCT_BUNDLE_IDENTIFIER = com.Cogs;
				PRODUCT_NAME = "$(TARGET_NAME)";
				SWIFT_EMIT_LOC_STRINGS = YES;
				SWIFT_VERSION = 5.0;
				TARGETED_DEVICE_FAMILY = "1,2";
			};
			name = Debug;
		};
		662D1A742DE731F700E18E92 /* Release */ = {
			isa = XCBuildConfiguration;
			buildSettings = {
				ASSETCATALOG_COMPILER_APPICON_NAME = AppIcon;
				ASSETCATALOG_COMPILER_GLOBAL_ACCENT_COLOR_NAME = AccentColor;
				CODE_SIGN_STYLE = Automatic;
				CURRENT_PROJECT_VERSION = 1;
				DEVELOPMENT_ASSET_PATHS = "\"Cogs/Preview Content\"";
				DEVELOPMENT_TEAM = 6G373HJQ2H;
				ENABLE_PREVIEWS = YES;
				GENERATE_INFOPLIST_FILE = YES;
				INFOPLIST_KEY_UIApplicationSceneManifest_Generation = YES;
				INFOPLIST_KEY_UIApplicationSupportsIndirectInputEvents = YES;
				INFOPLIST_KEY_UILaunchScreen_Generation = YES;
				INFOPLIST_KEY_UISupportedInterfaceOrientations_iPad = "UIInterfaceOrientationPortrait UIInterfaceOrientationPortraitUpsideDown UIInterfaceOrientationLandscapeLeft UIInterfaceOrientationLandscapeRight";
				INFOPLIST_KEY_UISupportedInterfaceOrientations_iPhone = "UIInterfaceOrientationPortrait UIInterfaceOrientationLandscapeLeft UIInterfaceOrientationLandscapeRight";
				LD_RUNPATH_SEARCH_PATHS = (
					"$(inherited)",
					"@executable_path/Frameworks",
				);
				MARKETING_VERSION = 1.0;
				PRODUCT_BUNDLE_IDENTIFIER = com.Cogs;
				PRODUCT_NAME = "$(TARGET_NAME)";
				SWIFT_EMIT_LOC_STRINGS = YES;
				SWIFT_VERSION = 5.0;
				TARGETED_DEVICE_FAMILY = "1,2";
			};
			name = Release;
		};
/* End XCBuildConfiguration section */

/* Begin XCConfigurationList section */
		662D1A5F2DE731F300E18E92 /* Build configuration list for PBXProject "Cogs" */ = {
			isa = XCConfigurationList;
			buildConfigurations = (
				662D1A702DE731F700E18E92 /* Debug */,
				662D1A712DE731F700E18E92 /* Release */,
			);
			defaultConfigurationIsVisible = 0;
			defaultConfigurationName = Release;
		};
		662D1A722DE731F700E18E92 /* Build configuration list for PBXNativeTarget "Cogs" */ = {
			isa = XCConfigurationList;
			buildConfigurations = (
				662D1A732DE731F700E18E92 /* Debug */,
				662D1A742DE731F700E18E92 /* Release */,
			);
			defaultConfigurationIsVisible = 0;
			defaultConfigurationName = Release;
		};
/* End XCConfigurationList section */
	};
	rootObject = 662D1A5C2DE731F300E18E92 /* Project object */;
}
